Microsoft Visual Studio Solution File, Format Version 12.00
# Visual Studio Version 17
VisualStudioVersion = 17.5.2.0
MinimumVisualStudioVersion = 10.0.40219.1
Project("{2150E333-8FDC-42A3-9474-1A3956D46DE8}") = "Server", "Server", "{DAD03CFC-D5FA-AC94-41C7-9ABAB326F09E}"
EndProject
Project("{FAE04EC0-301F-11D3-BF4B-00C04F79EFBC}") = "ApiApp", "Server\ApiApp\ApiApp.csproj", "{E0B88815-DD2B-2D84-8F54-BE89587B23CE}"
EndProject
Global
	GlobalSection(SolutionConfigurationPlatforms) = preSolution
		Debug|Any CPU = Debug|Any CPU
		Release|Any CPU = Release|Any CPU
	EndGlobalSection
	GlobalSection(ProjectConfigurationPlatforms) = postSolution
		{E0B88815-DD2B-2D84-8F54-BE89587B23CE}.Debug|Any CPU.ActiveCfg = Debug|Any CPU
		{E0B88815-DD2B-2D84-8F54-BE89587B23CE}.Debug|Any CPU.Build.0 = Debug|Any CPU
		{E0B88815-DD2B-2D84-8F54-BE89587B23CE}.Release|Any CPU.ActiveCfg = Release|Any CPU
		{E0B88815-DD2B-2D84-8F54-BE89587B23CE}.Release|Any CPU.Build.0 = Release|Any CPU
	EndGlobalSection
	GlobalSection(SolutionProperties) = preSolution
		HideSolutionNode = FALSE
	EndGlobalSection
	GlobalSection(NestedProjects) = preSolution
		{E0B88815-DD2B-2D84-8F54-BE89587B23CE} = {DAD03CFC-D5FA-AC94-41C7-9ABAB326F09E}
	EndGlobalSection
	GlobalSection(ExtensibilityGlobals) = postSolution
		SolutionGuid = {2D626829-5EB4-456C-A95A-3B1C8CA2BB8A}
	EndGlobalSection
EndGlobal
